
Microsoft Visual Studio Solution File, Format Version 12.00
# Visual Studio Version 17
VisualStudioVersion = 17.1.32210.238
MinimumVisualStudioVersion = 10.0.40219.1
Project("{9A19103F-16F7-4668-BE54-9A1E7A4F7556}") = "ActivityControl.WebAPI", "ActivityControl.WebAPI\ActivityControl.WebAPI.csproj", "{9EA66E29-6941-4240-9960-073FD259870F}"
EndProject
Project("{9A19103F-16F7-4668-BE54-9A1E7A4F7556}") = "ActivityControl.Domain", "ActivityControl.Model\ActivityControl.Domain.csproj", "{C8172390-B666-4BFB-B1C1-4D016B6D144C}"
EndProject
Project("{2150E333-8FDC-42A3-9474-1A3956D46DE8}") = "1.Service", "1.Service", "{3403C5E6-3441-44A2-9059-374E31E3AE98}"
EndProject
Project("{2150E333-8FDC-42A3-9474-1A3956D46DE8}") = "2.Application", "2.Application", "{62FF9735-4470-46A0-B23A-FC9B95B1E2FD}"
EndProject
Project("{2150E333-8FDC-42A3-9474-1A3956D46DE8}") = "3.Domain", "3.Domain", "{47FF3FBD-0D1B-4897-87C1-46A64CE215A9}"
EndProject
Project("{2150E333-8FDC-42A3-9474-1A3956D46DE8}") = "4.Infra", "4.Infra", "{C08F6FC1-DD3F-4D7E-98FA-C2FD2ABF35B0}"
EndProject
Project("{FAE04EC0-301F-11D3-BF4B-00C04F79EFBC}") = "ActivityControl.Application", "ActivityControl.Application\ActivityControl.Application.csproj", "{89DDE73D-E2D6-429C-9140-ABC027C7F6CF}"
EndProject
Project("{FAE04EC0-301F-11D3-BF4B-00C04F79EFBC}") = "ActivityControl.Domain.Dto", "ActivityControl.Dto\ActivityControl.Domain.Dto.csproj", "{14486B9C-8224-4B27-9A9C-47EFE9F9A08C}"
EndProject
Project("{2150E333-8FDC-42A3-9474-1A3956D46DE8}") = "4.1.Data", "4.1.Data", "{5BD72F96-3014-466F-BD73-6F693557285F}"
EndProject
Project("{FAE04EC0-301F-11D3-BF4B-00C04F79EFBC}") = "ActivityControl.DataContext", "ActivityControl.DataContext\ActivityControl.DataContext.csproj", "{00F6007D-6329-4057-A661-8DF80B35ECF2}"
EndProject
Project("{FAE04EC0-301F-11D3-BF4B-00C04F79EFBC}") = "ActivityControl.IoC", "ActivityControl.IoC\ActivityControl.IoC.csproj", "{CCB39EC7-7305-4980-9AA1-2E672C9670CF}"
EndProject
Project("{2150E333-8FDC-42A3-9474-1A3956D46DE8}") = "4.2.CrossCutting", "4.2.CrossCutting", "{B0FA1EBC-E9C2-4D44-9B32-E17F319DB1EF}"
EndProject
Project("{2150E333-8FDC-42A3-9474-1A3956D46DE8}") = "4.3.Authentication", "4.3.Authentication", "{25C45A65-5A18-4EF3-8E61-266C7F5195B7}"
EndProject
Project("{FAE04EC0-301F-11D3-BF4B-00C04F79EFBC}") = "ActivityControl.Authentication", "ActivityControl.Authentication\ActivityControl.Authentication.csproj", "{E63C675F-44FF-4140-A616-482B6C6E0CAF}"
EndProject
Global
	GlobalSection(SolutionConfigurationPlatforms) = preSolution
		Debug|Any CPU = Debug|Any CPU
		Release|Any CPU = Release|Any CPU
	EndGlobalSection
	GlobalSection(ProjectConfigurationPlatforms) = postSolution
		{9EA66E29-6941-4240-9960-073FD259870F}.Debug|Any CPU.ActiveCfg = Debug|Any CPU
		{9EA66E29-6941-4240-9960-073FD259870F}.Debug|Any CPU.Build.0 = Debug|Any CPU
		{9EA66E29-6941-4240-9960-073FD259870F}.Release|Any CPU.ActiveCfg = Release|Any CPU
		{9EA66E29-6941-4240-9960-073FD259870F}.Release|Any CPU.Build.0 = Release|Any CPU
		{C8172390-B666-4BFB-B1C1-4D016B6D144C}.Debug|Any CPU.ActiveCfg = Debug|Any CPU
		{C8172390-B666-4BFB-B1C1-4D016B6D144C}.Debug|Any CPU.Build.0 = Debug|Any CPU
		{C8172390-B666-4BFB-B1C1-4D016B6D144C}.Release|Any CPU.ActiveCfg = Release|Any CPU
		{C8172390-B666-4BFB-B1C1-4D016B6D144C}.Release|Any CPU.Build.0 = Release|Any CPU
		{89DDE73D-E2D6-429C-9140-ABC027C7F6CF}.Debug|Any CPU.ActiveCfg = Debug|Any CPU
		{89DDE73D-E2D6-429C-9140-ABC027C7F6CF}.Debug|Any CPU.Build.0 = Debug|Any CPU
		{89DDE73D-E2D6-429C-9140-ABC027C7F6CF}.Release|Any CPU.ActiveCfg = Release|Any CPU
		{89DDE73D-E2D6-429C-9140-ABC027C7F6CF}.Release|Any CPU.Build.0 = Release|Any CPU
		{14486B9C-8224-4B27-9A9C-47EFE9F9A08C}.Debug|Any CPU.ActiveCfg = Debug|Any CPU
		{14486B9C-8224-4B27-9A9C-47EFE9F9A08C}.Debug|Any CPU.Build.0 = Debug|Any CPU
		{14486B9C-8224-4B27-9A9C-47EFE9F9A08C}.Release|Any CPU.ActiveCfg = Release|Any CPU
		{14486B9C-8224-4B27-9A9C-47EFE9F9A08C}.Release|Any CPU.Build.0 = Release|Any CPU
		{00F6007D-6329-4057-A661-8DF80B35ECF2}.Debug|Any CPU.ActiveCfg = Debug|Any CPU
		{00F6007D-6329-4057-A661-8DF80B35ECF2}.Debug|Any CPU.Build.0 = Debug|Any CPU
		{00F6007D-6329-4057-A661-8DF80B35ECF2}.Release|Any CPU.ActiveCfg = Release|Any CPU
		{00F6007D-6329-4057-A661-8DF80B35ECF2}.Release|Any CPU.Build.0 = Release|Any CPU
		{CCB39EC7-7305-4980-9AA1-2E672C9670CF}.Debug|Any CPU.ActiveCfg = Debug|Any CPU
		{CCB39EC7-7305-4980-9AA1-2E672C9670CF}.Debug|Any CPU.Build.0 = Debug|Any CPU
		{CCB39EC7-7305-4980-9AA1-2E672C9670CF}.Release|Any CPU.ActiveCfg = Release|Any CPU
		{CCB39EC7-7305-4980-9AA1-2E672C9670CF}.Release|Any CPU.Build.0 = Release|Any CPU
		{E63C675F-44FF-4140-A616-482B6C6E0CAF}.Debug|Any CPU.ActiveCfg = Debug|Any CPU
		{E63C675F-44FF-4140-A616-482B6C6E0CAF}.Debug|Any CPU.Build.0 = Debug|Any CPU
		{E63C675F-44FF-4140-A616-482B6C6E0CAF}.Release|Any CPU.ActiveCfg = Release|Any CPU
		{E63C675F-44FF-4140-A616-482B6C6E0CAF}.Release|Any CPU.Build.0 = Release|Any CPU
	EndGlobalSection
	GlobalSection(SolutionProperties) = preSolution
		HideSolutionNode = FALSE
	EndGlobalSection
	GlobalSection(NestedProjects) = preSolution
		{9EA66E29-6941-4240-9960-073FD259870F} = {3403C5E6-3441-44A2-9059-374E31E3AE98}
		{C8172390-B666-4BFB-B1C1-4D016B6D144C} = {47FF3FBD-0D1B-4897-87C1-46A64CE215A9}
		{89DDE73D-E2D6-429C-9140-ABC027C7F6CF} = {62FF9735-4470-46A0-B23A-FC9B95B1E2FD}
		{14486B9C-8224-4B27-9A9C-47EFE9F9A08C} = {47FF3FBD-0D1B-4897-87C1-46A64CE215A9}
		{5BD72F96-3014-466F-BD73-6F693557285F} = {C08F6FC1-DD3F-4D7E-98FA-C2FD2ABF35B0}
		{00F6007D-6329-4057-A661-8DF80B35ECF2} = {5BD72F96-3014-466F-BD73-6F693557285F}
		{CCB39EC7-7305-4980-9AA1-2E672C9670CF} = {B0FA1EBC-E9C2-4D44-9B32-E17F319DB1EF}
		{B0FA1EBC-E9C2-4D44-9B32-E17F319DB1EF} = {C08F6FC1-DD3F-4D7E-98FA-C2FD2ABF35B0}
		{25C45A65-5A18-4EF3-8E61-266C7F5195B7} = {C08F6FC1-DD3F-4D7E-98FA-C2FD2ABF35B0}
		{E63C675F-44FF-4140-A616-482B6C6E0CAF} = {25C45A65-5A18-4EF3-8E61-266C7F5195B7}
	EndGlobalSection
	GlobalSection(ExtensibilityGlobals) = postSolution
		SolutionGuid = {D5EA6F42-4C4D-4E43-9598-F0802D27D90D}
	EndGlobalSection
EndGlobal
